
Microsoft Visual Studio Solution File, Format Version 12.00
Project("{FAE04EC0-301F-11D3-BF4B-00C04F79EFBC}") = "TestLogger", "TestLogger.csproj", "{CB8D9BA9-F890-4626-8779-465AD5E3E429}"
EndProject
Global
	GlobalSection(SolutionConfigurationPlatforms) = preSolution
		Debug|Any CPU = Debug|Any CPU
		Release|Any CPU = Release|Any CPU
	EndGlobalSection
	GlobalSection(ProjectConfigurationPlatforms) = postSolution
		{CB8D9BA9-F890-4626-8779-465AD5E3E429}.Debug|Any CPU.ActiveCfg = Debug|Any CPU
		{CB8D9BA9-F890-4626-8779-465AD5E3E429}.Debug|Any CPU.Build.0 = Debug|Any CPU
		{CB8D9BA9-F890-4626-8779-465AD5E3E429}.Release|Any CPU.ActiveCfg = Release|Any CPU
		{CB8D9BA9-F890-4626-8779-465AD5E3E429}.Release|Any CPU.Build.0 = Release|Any CPU
	EndGlobalSection
EndGlobal
